
Microsoft Visual Studio Solution File, Format Version 12.00
# Visual Studio Version 16
VisualStudioVersion = 16.0.30011.22
MinimumVisualStudioVersion = 10.0.40219.1
Project("{FAE04EC0-301F-11D3-BF4B-00C04F79EFBC}") = "ProjetoFinalDevApps", "ProjetoFinalDevApps\ProjetoFinalDevApps.csproj", "{C59EDB31-002E-415A-A585-CF49C7B7127E}"
EndProject
Global
	GlobalSection(SolutionConfigurationPlatforms) = preSolution
		Debug|Any CPU = Debug|Any CPU
		Release|Any CPU = Release|Any CPU
	EndGlobalSection
	GlobalSection(ProjectConfigurationPlatforms) = postSolution
		{C59EDB31-002E-415A-A585-CF49C7B7127E}.Debug|Any CPU.ActiveCfg = Debug|Any CPU
		{C59EDB31-002E-415A-A585-CF49C7B7127E}.Debug|Any CPU.Build.0 = Debug|Any CPU
		{C59EDB31-002E-415A-A585-CF49C7B7127E}.Release|Any CPU.ActiveCfg = Release|Any CPU
		{C59EDB31-002E-415A-A585-CF49C7B7127E}.Release|Any CPU.Build.0 = Release|Any CPU
	EndGlobalSection
	GlobalSection(SolutionProperties) = preSolution
		HideSolutionNode = FALSE
	EndGlobalSection
	GlobalSection(ExtensibilityGlobals) = postSolution
		SolutionGuid = {EEFFB138-8E19-4CE0-B571-E8B89FD8E9F6}
	EndGlobalSection
EndGlobal
